
Microsoft Visual Studio Solution File, Format Version 12.00
# Visual Studio Version 17
VisualStudioVersion = 17.4.33213.308
MinimumVisualStudioVersion = 10.0.40219.1
Project("{FAE04EC0-301F-11D3-BF4B-00C04F79EFBC}") = "HW_2SP", "HW_2SP\HW_2SP.csproj", "{573C5D6E-066A-47EC-98A3-9BB76BDFB5BE}"
EndProject
Project("{FAE04EC0-301F-11D3-BF4B-00C04F79EFBC}") = "HW_SP3", "HW_SP3\HW_SP3.csproj", "{79A70F40-2A17-4A5B-8EAE-2F69179484A2}"
EndProject
Global
	GlobalSection(SolutionConfigurationPlatforms) = preSolution
		Debug|Any CPU = Debug|Any CPU
		Release|Any CPU = Release|Any CPU
	EndGlobalSection
	GlobalSection(ProjectConfigurationPlatforms) = postSolution
		{573C5D6E-066A-47EC-98A3-9BB76BDFB5BE}.Debug|Any CPU.ActiveCfg = Debug|Any CPU
		{573C5D6E-066A-47EC-98A3-9BB76BDFB5BE}.Debug|Any CPU.Build.0 = Debug|Any CPU
		{573C5D6E-066A-47EC-98A3-9BB76BDFB5BE}.Release|Any CPU.ActiveCfg = Release|Any CPU
		{573C5D6E-066A-47EC-98A3-9BB76BDFB5BE}.Release|Any CPU.Build.0 = Release|Any CPU
		{79A70F40-2A17-4A5B-8EAE-2F69179484A2}.Debug|Any CPU.ActiveCfg = Debug|Any CPU
		{79A70F40-2A17-4A5B-8EAE-2F69179484A2}.Debug|Any CPU.Build.0 = Debug|Any CPU
		{79A70F40-2A17-4A5B-8EAE-2F69179484A2}.Release|Any CPU.ActiveCfg = Release|Any CPU
		{79A70F40-2A17-4A5B-8EAE-2F69179484A2}.Release|Any CPU.Build.0 = Release|Any CPU
	EndGlobalSection
	GlobalSection(SolutionProperties) = preSolution
		HideSolutionNode = FALSE
	EndGlobalSection
	GlobalSection(ExtensibilityGlobals) = postSolution
		SolutionGuid = {044E0FEE-14B0-43FA-9822-B2793BA37BB4}
	EndGlobalSection
EndGlobal
